PODS:
  - arkit_plugin (0.0.1):
    - Flutter
  - Flutter (1.0.0)

DEPENDENCIES:
  - arkit_plugin (from `.symlinks/plugins/arkit_plugin/ios`)
  - Flutter (from `Flutter`)

EXTERNAL SOURCES:
  arkit_plugin:
    :path: ".symlinks/plugins/arkit_plugin/ios"
  Flutter:
    :path: Flutter

SPEC CHECKSUMS:
  arkit_plugin: 3e42571e8be84adabb8a178bd51c22fa981e16bd
  Flutter: 50d75fe2f02b26cc09d224853bb45737f8b3214a

PODFILE CHECKSUM: dc34fec874016e1b888a5936297a38e59772451d

COCOAPODS: 1.11.3
